
Microsoft Visual Studio Solution File, Format Version 12.00
# Visual Studio 2013
VisualStudioVersion = 12.0.30723.0
MinimumVisualStudioVersion = 10.0.40219.1
Project("{8BC9CEB8-8B4A-11D0-8D11-00A0C91BC942}") = "DebugThingsCode", "DebugThingsCode\DebugThingsCode.vcxproj", "{03D0FA5E-5177-440D-A6BE-1B080F7B8B24}"
EndProject
Global
	GlobalSection(SolutionConfigurationPlatforms) = preSolution
		Debug|Win32 = Debug|Win32
		Release|Win32 = Release|Win32
	EndGlobalSection
	GlobalSection(ProjectConfigurationPlatforms) = postSolution
		{03D0FA5E-5177-440D-A6BE-1B080F7B8B24}.Debug|Win32.ActiveCfg = Debug|Win32
		{03D0FA5E-5177-440D-A6BE-1B080F7B8B24}.Debug|Win32.Build.0 = Debug|Win32
		{03D0FA5E-5177-440D-A6BE-1B080F7B8B24}.Release|Win32.ActiveCfg = Release|Win32
		{03D0FA5E-5177-440D-A6BE-1B080F7B8B24}.Release|Win32.Build.0 = Release|Win32
	EndGlobalSection
	GlobalSection(SolutionProperties) = preSolution
		HideSolutionNode = FALSE
	EndGlobalSection
EndGlobal
